
Microsoft Visual Studio Solution File, Format Version 12.00
# Visual Studio Version 17
VisualStudioVersion = 17.2.32630.192
MinimumVisualStudioVersion = 10.0.40219.1
Project("{9A19103F-16F7-4668-BE54-9A1E7A4F7556}") = "R5T.Z0048", "R5T.Z0048\R5T.Z0048.csproj", "{263ECCB3-75CD-4DE8-BB5D-49F41E59404C}"
EndProject
Project("{2150E333-8FDC-42A3-9474-1A3956D46DE8}") = "_Dependencies", "_Dependencies", "{06913AD0-C65B-48E4-8C43-F8D2AC57BE19}"
EndProject
Project("{9A19103F-16F7-4668-BE54-9A1E7A4F7556}") = "R5T.T0132", "..\..\R5T.T0132\source\R5T.T0132\R5T.T0132.csproj", "{08C55C59-08CC-4429-A094-7C4FBC3E8C6C}"
EndProject
Project("{9A19103F-16F7-4668-BE54-9A1E7A4F7556}") = "R5T.T0143", "..\..\R5T.T0143\source\R5T.T0143\R5T.T0143.csproj", "{B85E82AE-B03E-40CB-8544-C77FB4496D0B}"
EndProject
Project("{9A19103F-16F7-4668-BE54-9A1E7A4F7556}") = "R5T.T0178", "..\..\R5T.T0178\source\R5T.T0178\R5T.T0178.csproj", "{EFBDB98B-6BEA-4877-8CED-12B3E155D66F}"
EndProject
Project("{9A19103F-16F7-4668-BE54-9A1E7A4F7556}") = "R5T.T0179", "..\..\R5T.T0179\source\R5T.T0179\R5T.T0179.csproj", "{5354A8B9-85DB-4035-9F3F-F79A28AD1ABD}"
EndProject
Project("{9A19103F-16F7-4668-BE54-9A1E7A4F7556}") = "R5T.T0202", "..\..\R5T.T0202\source\R5T.T0202\R5T.T0202.csproj", "{8097A4EA-F206-4966-8831-7117176C8C51}"
EndProject
Project("{9A19103F-16F7-4668-BE54-9A1E7A4F7556}") = "R5T.T0131", "..\..\R5T.T0131\source\R5T.T0131\R5T.T0131.csproj", "{DE4A9D56-10E3-4197-ACF4-537ED0A76BE3}"
EndProject
Global
	GlobalSection(NestedProjects) = preSolution
		{08C55C59-08CC-4429-A094-7C4FBC3E8C6C} = {06913AD0-C65B-48E4-8C43-F8D2AC57BE19}
		{B85E82AE-B03E-40CB-8544-C77FB4496D0B} = {06913AD0-C65B-48E4-8C43-F8D2AC57BE19}
		{EFBDB98B-6BEA-4877-8CED-12B3E155D66F} = {06913AD0-C65B-48E4-8C43-F8D2AC57BE19}
		{5354A8B9-85DB-4035-9F3F-F79A28AD1ABD} = {06913AD0-C65B-48E4-8C43-F8D2AC57BE19}
		{8097A4EA-F206-4966-8831-7117176C8C51} = {06913AD0-C65B-48E4-8C43-F8D2AC57BE19}
		{DE4A9D56-10E3-4197-ACF4-537ED0A76BE3} = {06913AD0-C65B-48E4-8C43-F8D2AC57BE19}
	EndGlobalSection
	GlobalSection(SolutionConfigurationPlatforms) = preSolution
		Debug|Any CPU = Debug|Any CPU
		Release|Any CPU = Release|Any CPU
	EndGlobalSection
	GlobalSection(ProjectConfigurationPlatforms) = postSolution
		{263ECCB3-75CD-4DE8-BB5D-49F41E59404C}.Debug|Any CPU.ActiveCfg = Debug|Any CPU
		{263ECCB3-75CD-4DE8-BB5D-49F41E59404C}.Debug|Any CPU.Build.0 = Debug|Any CPU
		{263ECCB3-75CD-4DE8-BB5D-49F41E59404C}.Release|Any CPU.ActiveCfg = Release|Any CPU
		{263ECCB3-75CD-4DE8-BB5D-49F41E59404C}.Release|Any CPU.Build.0 = Release|Any CPU
		{08C55C59-08CC-4429-A094-7C4FBC3E8C6C}.Debug|Any CPU.ActiveCfg = Debug|Any CPU
		{08C55C59-08CC-4429-A094-7C4FBC3E8C6C}.Debug|Any CPU.Build.0 = Debug|Any CPU
		{08C55C59-08CC-4429-A094-7C4FBC3E8C6C}.Release|Any CPU.ActiveCfg = Release|Any CPU
		{08C55C59-08CC-4429-A094-7C4FBC3E8C6C}.Release|Any CPU.Build.0 = Release|Any CPU
		{B85E82AE-B03E-40CB-8544-C77FB4496D0B}.Debug|Any CPU.ActiveCfg = Debug|Any CPU
		{B85E82AE-B03E-40CB-8544-C77FB4496D0B}.Debug|Any CPU.Build.0 = Debug|Any CPU
		{B85E82AE-B03E-40CB-8544-C77FB4496D0B}.Release|Any CPU.ActiveCfg = Release|Any CPU
		{B85E82AE-B03E-40CB-8544-C77FB4496D0B}.Release|Any CPU.Build.0 = Release|Any CPU
		{EFBDB98B-6BEA-4877-8CED-12B3E155D66F}.Debug|Any CPU.ActiveCfg = Debug|Any CPU
		{EFBDB98B-6BEA-4877-8CED-12B3E155D66F}.Debug|Any CPU.Build.0 = Debug|Any CPU
		{EFBDB98B-6BEA-4877-8CED-12B3E155D66F}.Release|Any CPU.ActiveCfg = Release|Any CPU
		{EFBDB98B-6BEA-4877-8CED-12B3E155D66F}.Release|Any CPU.Build.0 = Release|Any CPU
		{5354A8B9-85DB-4035-9F3F-F79A28AD1ABD}.Debug|Any CPU.ActiveCfg = Debug|Any CPU
		{5354A8B9-85DB-4035-9F3F-F79A28AD1ABD}.Debug|Any CPU.Build.0 = Debug|Any CPU
		{5354A8B9-85DB-4035-9F3F-F79A28AD1ABD}.Release|Any CPU.ActiveCfg = Release|Any CPU
		{5354A8B9-85DB-4035-9F3F-F79A28AD1ABD}.Release|Any CPU.Build.0 = Release|Any CPU
		{8097A4EA-F206-4966-8831-7117176C8C51}.Debug|Any CPU.ActiveCfg = Debug|Any CPU
		{8097A4EA-F206-4966-8831-7117176C8C51}.Debug|Any CPU.Build.0 = Debug|Any CPU
		{8097A4EA-F206-4966-8831-7117176C8C51}.Release|Any CPU.ActiveCfg = Release|Any CPU
		{8097A4EA-F206-4966-8831-7117176C8C51}.Release|Any CPU.Build.0 = Release|Any CPU
		{DE4A9D56-10E3-4197-ACF4-537ED0A76BE3}.Debug|Any CPU.ActiveCfg = Debug|Any CPU
		{DE4A9D56-10E3-4197-ACF4-537ED0A76BE3}.Debug|Any CPU.Build.0 = Debug|Any CPU
		{DE4A9D56-10E3-4197-ACF4-537ED0A76BE3}.Release|Any CPU.ActiveCfg = Release|Any CPU
		{DE4A9D56-10E3-4197-ACF4-537ED0A76BE3}.Release|Any CPU.Build.0 = Release|Any CPU
	EndGlobalSection
	GlobalSection(SolutionProperties) = preSolution
		HideSolutionNode = FALSE
	EndGlobalSection
	GlobalSection(ExtensibilityGlobals) = postSolution
		SolutionGuid = {B333F079-FF14-4B99-88E2-56B39553E6EA}
	EndGlobalSection
EndGlobal
