
Microsoft Visual Studio Solution File, Format Version 12.00
# Visual Studio Version 17
VisualStudioVersion = 17.2.32630.192
MinimumVisualStudioVersion = 10.0.40219.1
Project("{9A19103F-16F7-4668-BE54-9A1E7A4F7556}") = "R5T.Z0048.Construction", "R5T.Z0048.Construction\R5T.Z0048.Construction.csproj", "{747F8D94-DBB1-4369-8DB8-B27420AAA7FF}"
EndProject
Project("{9A19103F-16F7-4668-BE54-9A1E7A4F7556}") = "R5T.Z0048", "R5T.Z0048\R5T.Z0048.csproj", "{8C2EDB55-ABE1-4AEE-8D62-AAAE2FB67929}"
EndProject
Project("{2150E333-8FDC-42A3-9474-1A3956D46DE8}") = "_Dependencies", "_Dependencies", "{69DE2D7D-710D-46F5-B2FA-E4112DE5F393}"
EndProject
Project("{9A19103F-16F7-4668-BE54-9A1E7A4F7556}") = "R5T.T0132", "..\..\R5T.T0132\source\R5T.T0132\R5T.T0132.csproj", "{44418833-99F9-4FA5-BB90-28F69B43E4CF}"
EndProject
Project("{9A19103F-16F7-4668-BE54-9A1E7A4F7556}") = "R5T.T0143", "..\..\R5T.T0143\source\R5T.T0143\R5T.T0143.csproj", "{681014DD-50D9-468B-B172-F434E1E77917}"
EndProject
Project("{9A19103F-16F7-4668-BE54-9A1E7A4F7556}") = "R5T.T0178", "..\..\R5T.T0178\source\R5T.T0178\R5T.T0178.csproj", "{ED13DFAD-7732-45F0-A656-E1788FBCC816}"
EndProject
Project("{9A19103F-16F7-4668-BE54-9A1E7A4F7556}") = "R5T.T0179", "..\..\R5T.T0179\source\R5T.T0179\R5T.T0179.csproj", "{44E85793-905D-4D4D-98FC-328BCB9A3340}"
EndProject
Project("{9A19103F-16F7-4668-BE54-9A1E7A4F7556}") = "R5T.T0202", "..\..\R5T.T0202\source\R5T.T0202\R5T.T0202.csproj", "{DCB9365E-7F28-4D61-9B5C-F4727C1C2B0E}"
EndProject
Project("{9A19103F-16F7-4668-BE54-9A1E7A4F7556}") = "R5T.T0131", "..\..\R5T.T0131\source\R5T.T0131\R5T.T0131.csproj", "{8414A480-CF1D-4C08-9513-3C6320A48DD8}"
EndProject
Global
	GlobalSection(NestedProjects) = preSolution
		{44418833-99F9-4FA5-BB90-28F69B43E4CF} = {69DE2D7D-710D-46F5-B2FA-E4112DE5F393}
		{681014DD-50D9-468B-B172-F434E1E77917} = {69DE2D7D-710D-46F5-B2FA-E4112DE5F393}
		{ED13DFAD-7732-45F0-A656-E1788FBCC816} = {69DE2D7D-710D-46F5-B2FA-E4112DE5F393}
		{44E85793-905D-4D4D-98FC-328BCB9A3340} = {69DE2D7D-710D-46F5-B2FA-E4112DE5F393}
		{DCB9365E-7F28-4D61-9B5C-F4727C1C2B0E} = {69DE2D7D-710D-46F5-B2FA-E4112DE5F393}
		{8414A480-CF1D-4C08-9513-3C6320A48DD8} = {69DE2D7D-710D-46F5-B2FA-E4112DE5F393}
	EndGlobalSection
	GlobalSection(SolutionConfigurationPlatforms) = preSolution
		Debug|Any CPU = Debug|Any CPU
		Release|Any CPU = Release|Any CPU
	EndGlobalSection
	GlobalSection(ProjectConfigurationPlatforms) = postSolution
		{747F8D94-DBB1-4369-8DB8-B27420AAA7FF}.Debug|Any CPU.ActiveCfg = Debug|Any CPU
		{747F8D94-DBB1-4369-8DB8-B27420AAA7FF}.Debug|Any CPU.Build.0 = Debug|Any CPU
		{747F8D94-DBB1-4369-8DB8-B27420AAA7FF}.Release|Any CPU.ActiveCfg = Release|Any CPU
		{747F8D94-DBB1-4369-8DB8-B27420AAA7FF}.Release|Any CPU.Build.0 = Release|Any CPU
		{8C2EDB55-ABE1-4AEE-8D62-AAAE2FB67929}.Debug|Any CPU.ActiveCfg = Debug|Any CPU
		{8C2EDB55-ABE1-4AEE-8D62-AAAE2FB67929}.Debug|Any CPU.Build.0 = Debug|Any CPU
		{8C2EDB55-ABE1-4AEE-8D62-AAAE2FB67929}.Release|Any CPU.ActiveCfg = Release|Any CPU
		{8C2EDB55-ABE1-4AEE-8D62-AAAE2FB67929}.Release|Any CPU.Build.0 = Release|Any CPU
		{44418833-99F9-4FA5-BB90-28F69B43E4CF}.Debug|Any CPU.ActiveCfg = Debug|Any CPU
		{44418833-99F9-4FA5-BB90-28F69B43E4CF}.Debug|Any CPU.Build.0 = Debug|Any CPU
		{44418833-99F9-4FA5-BB90-28F69B43E4CF}.Release|Any CPU.ActiveCfg = Release|Any CPU
		{44418833-99F9-4FA5-BB90-28F69B43E4CF}.Release|Any CPU.Build.0 = Release|Any CPU
		{681014DD-50D9-468B-B172-F434E1E77917}.Debug|Any CPU.ActiveCfg = Debug|Any CPU
		{681014DD-50D9-468B-B172-F434E1E77917}.Debug|Any CPU.Build.0 = Debug|Any CPU
		{681014DD-50D9-468B-B172-F434E1E77917}.Release|Any CPU.ActiveCfg = Release|Any CPU
		{681014DD-50D9-468B-B172-F434E1E77917}.Release|Any CPU.Build.0 = Release|Any CPU
		{ED13DFAD-7732-45F0-A656-E1788FBCC816}.Debug|Any CPU.ActiveCfg = Debug|Any CPU
		{ED13DFAD-7732-45F0-A656-E1788FBCC816}.Debug|Any CPU.Build.0 = Debug|Any CPU
		{ED13DFAD-7732-45F0-A656-E1788FBCC816}.Release|Any CPU.ActiveCfg = Release|Any CPU
		{ED13DFAD-7732-45F0-A656-E1788FBCC816}.Release|Any CPU.Build.0 = Release|Any CPU
		{44E85793-905D-4D4D-98FC-328BCB9A3340}.Debug|Any CPU.ActiveCfg = Debug|Any CPU
		{44E85793-905D-4D4D-98FC-328BCB9A3340}.Debug|Any CPU.Build.0 = Debug|Any CPU
		{44E85793-905D-4D4D-98FC-328BCB9A3340}.Release|Any CPU.ActiveCfg = Release|Any CPU
		{44E85793-905D-4D4D-98FC-328BCB9A3340}.Release|Any CPU.Build.0 = Release|Any CPU
		{DCB9365E-7F28-4D61-9B5C-F4727C1C2B0E}.Debug|Any CPU.ActiveCfg = Debug|Any CPU
		{DCB9365E-7F28-4D61-9B5C-F4727C1C2B0E}.Debug|Any CPU.Build.0 = Debug|Any CPU
		{DCB9365E-7F28-4D61-9B5C-F4727C1C2B0E}.Release|Any CPU.ActiveCfg = Release|Any CPU
		{DCB9365E-7F28-4D61-9B5C-F4727C1C2B0E}.Release|Any CPU.Build.0 = Release|Any CPU
		{8414A480-CF1D-4C08-9513-3C6320A48DD8}.Debug|Any CPU.ActiveCfg = Debug|Any CPU
		{8414A480-CF1D-4C08-9513-3C6320A48DD8}.Debug|Any CPU.Build.0 = Debug|Any CPU
		{8414A480-CF1D-4C08-9513-3C6320A48DD8}.Release|Any CPU.ActiveCfg = Release|Any CPU
		{8414A480-CF1D-4C08-9513-3C6320A48DD8}.Release|Any CPU.Build.0 = Release|Any CPU
	EndGlobalSection
	GlobalSection(SolutionProperties) = preSolution
		HideSolutionNode = FALSE
	EndGlobalSection
	GlobalSection(ExtensibilityGlobals) = postSolution
		SolutionGuid = {1F830E0A-2312-476D-B331-8C7EC63A8A8A}
	EndGlobalSection
EndGlobal
